
Microsoft Visual Studio Solution File, Format Version 12.00
# Visual Studio Version 17
VisualStudioVersion = 17.10.35122.118
MinimumVisualStudioVersion = 10.0.40219.1
Project("{FAE04EC0-301F-11D3-BF4B-00C04F79EFBC}") = "31.10_exam_2", "31.10_exam_2.csproj", "{25AB2EE5-16AA-4698-8363-58E0A3EB84E1}"
EndProject
Global
	GlobalSection(SolutionConfigurationPlatforms) = preSolution
		Debug|Any CPU = Debug|Any CPU
		Release|Any CPU = Release|Any CPU
	EndGlobalSection
	GlobalSection(ProjectConfigurationPlatforms) = postSolution
		{25AB2EE5-16AA-4698-8363-58E0A3EB84E1}.Debug|Any CPU.ActiveCfg = Debug|Any CPU
		{25AB2EE5-16AA-4698-8363-58E0A3EB84E1}.Debug|Any CPU.Build.0 = Debug|Any CPU
		{25AB2EE5-16AA-4698-8363-58E0A3EB84E1}.Release|Any CPU.ActiveCfg = Release|Any CPU
		{25AB2EE5-16AA-4698-8363-58E0A3EB84E1}.Release|Any CPU.Build.0 = Release|Any CPU
	EndGlobalSection
	GlobalSection(SolutionProperties) = preSolution
		HideSolutionNode = FALSE
	EndGlobalSection
	GlobalSection(ExtensibilityGlobals) = postSolution
		SolutionGuid = {6D4C3D9F-5ADA-4942-B5DC-CF721785AAB4}
	EndGlobalSection
EndGlobal
